{
  "requires": true,
  "lockfileVersion": 1,
  "dependencies": {
    "primereact": {
      "version": "3.3.2",
      "resolved": "https://registry.npmjs.org/primereact/-/primereact-3.3.2.tgz",
      "integrity": "sha512-yPW7nUbYKEIxtFzZez+dSp89MSqyELBf9XcUiBLkRwaVMSg/hQMCkp+M32VZnNiYwNfXHkz4/cKBVhvzQKdkEA=="
    }
  }
}
